Microsoft Visual Studio Solution File, Format Version 12.00
# Visual Studio Version 16
VisualStudioVersion = 16.0.31424.327
MinimumVisualStudioVersion = 10.0.40219.1
Project("{9A19103F-16F7-4668-BE54-9A1E7A4F7556}") = "Inheritance", "Inheritance\Inheritance.csproj", "{F22488C1-1317-4633-BA63-A7E4F8065B26}"
EndProject
Global
	GlobalSection(SolutionConfigurationPlatforms) = preSolution
		Debug|Any CPU = Debug|Any CPU
		Release|Any CPU = Release|Any CPU
	EndGlobalSection
	GlobalSection(ProjectConfigurationPlatforms) = postSolution
		{F22488C1-1317-4633-BA63-A7E4F8065B26}.Debug|Any CPU.ActiveCfg = Debug|Any CPU
		{F22488C1-1317-4633-BA63-A7E4F8065B26}.Debug|Any CPU.Build.0 = Debug|Any CPU
		{F22488C1-1317-4633-BA63-A7E4F8065B26}.Release|Any CPU.ActiveCfg = Release|Any CPU
		{F22488C1-1317-4633-BA63-A7E4F8065B26}.Release|Any CPU.Build.0 = Release|Any CPU
	EndGlobalSection
	GlobalSection(SolutionProperties) = preSolution
		HideSolutionNode = FALSE
	EndGlobalSection
	GlobalSection(ExtensibilityGlobals) = postSolution
		SolutionGuid = {710418F0-3C66-4A0E-9C1D-2CC4598BC443}
	EndGlobalSection
EndGlobal
